
Microsoft Visual Studio Solution File, Format Version 12.00
# Visual Studio 15
VisualStudioVersion = 15.0.28307.168
MinimumVisualStudioVersion = 10.0.40219.1
Project("{9092AA53-FB77-4645-B42D-1CCCA6BD08BD}") = "VuejsApp1", "VuejsApp1\VuejsApp1.njsproj", "{E5233213-C427-438B-9F90-EA976E072654}"
EndProject
Global
	GlobalSection(SolutionConfigurationPlatforms) = preSolution
		Debug|Any CPU = Debug|Any CPU
		Release|Any CPU = Release|Any CPU
	EndGlobalSection
	GlobalSection(ProjectConfigurationPlatforms) = postSolution
		{E5233213-C427-438B-9F90-EA976E072654}.Debug|Any CPU.ActiveCfg = Debug|Any CPU
		{E5233213-C427-438B-9F90-EA976E072654}.Debug|Any CPU.Build.0 = Debug|Any CPU
		{E5233213-C427-438B-9F90-EA976E072654}.Release|Any CPU.ActiveCfg = Release|Any CPU
		{E5233213-C427-438B-9F90-EA976E072654}.Release|Any CPU.Build.0 = Release|Any CPU
	EndGlobalSection
	GlobalSection(SolutionProperties) = preSolution
		HideSolutionNode = FALSE
	EndGlobalSection
	GlobalSection(ExtensibilityGlobals) = postSolution
		SolutionGuid = {1CE9E86B-497E-4B1D-80B0-6978E9498E67}
	EndGlobalSection
EndGlobal
